PODS:
  - mobile-ffmpeg-full (4.3)
  - Zip (1.1.0)

DEPENDENCIES:
  - mobile-ffmpeg-full
  - Zip

SPEC REPOS:
  trunk:
    - mobile-ffmpeg-full
    - Zip

SPEC CHECKSUMS:
  mobile-ffmpeg-full: af38edede256cb1d4fcbf10dddef39bf529ecd50
  Zip: 8877eede3dda76bcac281225c20e71c25270774c

PODFILE CHECKSUM: e424892f5268c0af478bf27bdccc2e6bbd220cfc

COCOAPODS: 1.8.4
